
Microsoft Visual Studio Solution File, Format Version 12.00
# Visual Studio Version 16
VisualStudioVersion = 16.0.29926.136
MinimumVisualStudioVersion = 10.0.40219.1
Project("{2150E333-8FDC-42A3-9474-1A3956D46DE8}") = "src", "src", "{9F18AEA5-0F62-4A63-B94E-FC319C875D02}"
EndProject
Project("{2150E333-8FDC-42A3-9474-1A3956D46DE8}") = "BuildingBlocks", "BuildingBlocks", "{296E4AB0-401E-4C4C-AFD4-5A47AF8490AE}"
EndProject
Project("{2150E333-8FDC-42A3-9474-1A3956D46DE8}") = "EventBus", "EventBus", "{481C22F4-F395-4009-9CE9-E8935DE7AE07}"
EndProject
Project("{9A19103F-16F7-4668-BE54-9A1E7A4F7556}") = "EslamiSepehr.EventBus", "src\BuildingBlocks\EventBus\EslamiSepehr.EventBus\EslamiSepehr.EventBus.csproj", "{275C9E98-3FF8-44BA-B41B-AC72981CE754}"
EndProject
Project("{9A19103F-16F7-4668-BE54-9A1E7A4F7556}") = "EslamiSepehr.EventBus.RabbitMQ", "src\BuildingBlocks\EventBus\EslamiSepehr.EventBus.RabbitMQ\EslamiSepehr.EventBus.RabbitMQ.csproj", "{B011843C-B449-4F28-AE92-EF242FCDE3D4}"
EndProject
Project("{2150E333-8FDC-42A3-9474-1A3956D46DE8}") = "Services", "Services", "{DA7B443C-A4A3-4EED-A037-DB76145619A0}"
EndProject
Project("{2150E333-8FDC-42A3-9474-1A3956D46DE8}") = "Book", "Book", "{0C785C66-FE53-4237-B3C0-50CA4D19F710}"
EndProject
Project("{2150E333-8FDC-42A3-9474-1A3956D46DE8}") = "Email", "Email", "{D428CB21-E318-413F-AE20-C886840BC046}"
EndProject
Project("{9A19103F-16F7-4668-BE54-9A1E7A4F7556}") = "Book.API", "src\Services\Book\Book.API\Book.API.csproj", "{A8EBEA18-228E-4387-B9AB-257EC15049E6}"
EndProject
Project("{9A19103F-16F7-4668-BE54-9A1E7A4F7556}") = "Email.API", "src\Services\Email\Email.API\Email.API.csproj", "{78EEA02F-F789-4FFC-8996-D7EEAAA67D45}"
EndProject
Global
	GlobalSection(SolutionConfigurationPlatforms) = preSolution
		Debug|Any CPU = Debug|Any CPU
		Release|Any CPU = Release|Any CPU
	EndGlobalSection
	GlobalSection(ProjectConfigurationPlatforms) = postSolution
		{275C9E98-3FF8-44BA-B41B-AC72981CE754}.Debug|Any CPU.ActiveCfg = Debug|Any CPU
		{275C9E98-3FF8-44BA-B41B-AC72981CE754}.Debug|Any CPU.Build.0 = Debug|Any CPU
		{275C9E98-3FF8-44BA-B41B-AC72981CE754}.Release|Any CPU.ActiveCfg = Release|Any CPU
		{275C9E98-3FF8-44BA-B41B-AC72981CE754}.Release|Any CPU.Build.0 = Release|Any CPU
		{B011843C-B449-4F28-AE92-EF242FCDE3D4}.Debug|Any CPU.ActiveCfg = Debug|Any CPU
		{B011843C-B449-4F28-AE92-EF242FCDE3D4}.Debug|Any CPU.Build.0 = Debug|Any CPU
		{B011843C-B449-4F28-AE92-EF242FCDE3D4}.Release|Any CPU.ActiveCfg = Release|Any CPU
		{B011843C-B449-4F28-AE92-EF242FCDE3D4}.Release|Any CPU.Build.0 = Release|Any CPU
		{A8EBEA18-228E-4387-B9AB-257EC15049E6}.Debug|Any CPU.ActiveCfg = Debug|Any CPU
		{A8EBEA18-228E-4387-B9AB-257EC15049E6}.Debug|Any CPU.Build.0 = Debug|Any CPU
		{A8EBEA18-228E-4387-B9AB-257EC15049E6}.Release|Any CPU.ActiveCfg = Release|Any CPU
		{A8EBEA18-228E-4387-B9AB-257EC15049E6}.Release|Any CPU.Build.0 = Release|Any CPU
		{78EEA02F-F789-4FFC-8996-D7EEAAA67D45}.Debug|Any CPU.ActiveCfg = Debug|Any CPU
		{78EEA02F-F789-4FFC-8996-D7EEAAA67D45}.Debug|Any CPU.Build.0 = Debug|Any CPU
		{78EEA02F-F789-4FFC-8996-D7EEAAA67D45}.Release|Any CPU.ActiveCfg = Release|Any CPU
		{78EEA02F-F789-4FFC-8996-D7EEAAA67D45}.Release|Any CPU.Build.0 = Release|Any CPU
	EndGlobalSection
	GlobalSection(SolutionProperties) = preSolution
		HideSolutionNode = FALSE
	EndGlobalSection
	GlobalSection(NestedProjects) = preSolution
		{296E4AB0-401E-4C4C-AFD4-5A47AF8490AE} = {9F18AEA5-0F62-4A63-B94E-FC319C875D02}
		{481C22F4-F395-4009-9CE9-E8935DE7AE07} = {296E4AB0-401E-4C4C-AFD4-5A47AF8490AE}
		{275C9E98-3FF8-44BA-B41B-AC72981CE754} = {481C22F4-F395-4009-9CE9-E8935DE7AE07}
		{B011843C-B449-4F28-AE92-EF242FCDE3D4} = {481C22F4-F395-4009-9CE9-E8935DE7AE07}
		{DA7B443C-A4A3-4EED-A037-DB76145619A0} = {9F18AEA5-0F62-4A63-B94E-FC319C875D02}
		{0C785C66-FE53-4237-B3C0-50CA4D19F710} = {DA7B443C-A4A3-4EED-A037-DB76145619A0}
		{D428CB21-E318-413F-AE20-C886840BC046} = {DA7B443C-A4A3-4EED-A037-DB76145619A0}
		{A8EBEA18-228E-4387-B9AB-257EC15049E6} = {0C785C66-FE53-4237-B3C0-50CA4D19F710}
		{78EEA02F-F789-4FFC-8996-D7EEAAA67D45} = {D428CB21-E318-413F-AE20-C886840BC046}
	EndGlobalSection
	GlobalSection(ExtensibilityGlobals) = postSolution
		SolutionGuid = {A327193E-90C3-4BEB-BC83-5DDD9E6740FF}
	EndGlobalSection
EndGlobal
